// !$*UTF8*$!
{
	archiveVersion = 1;
	classes = {
	};
	objectVersion = 50;
	objects = {

/* Begin PBXBuildFile section */
		918F606021227A890002213C /* AppDelegate.swift in Sources */ = {isa = PBXBuildFile; fileRef = 918F605F21227A890002213C /* AppDelegate.swift */; };
		918F606221227A890002213C /* ViewController.swift in Sources */ = {isa = PBXBuildFile; fileRef = 918F606121227A890002213C /* ViewController.swift */; };
		918F606521227A890002213C /* Main.storyboard in Resources */ = {isa = PBXBuildFile; fileRef = 918F606321227A890002213C /* Main.storyboard */; };
		918F606721227A8A0002213C /* Assets.xcassets in Resources */ = {isa = PBXBuildFile; fileRef = 918F606621227A8A0002213C /* Assets.xcassets */; };
		918F606A21227A8A0002213C /* LaunchScreen.storyboard in Resources */ = {isa = PBXBuildFile; fileRef = 918F606821227A8A0002213C /* LaunchScreen.storyboard */; };
		918F607221227F3C0002213C /* OrderViewController.swift in Sources */ = {isa = PBXBuildFile; fileRef = 918F607121227F3C0002213C /* OrderViewController.swift */; };
		918F60772122887C0002213C /* NumberHelper.swift in Sources */ = {isa = PBXBuildFile; fileRef = 918F60742122887C0002213C /* NumberHelper.swift */; };
		918F60782122887C0002213C /* ColorHelper.swift in Sources */ = {isa = PBXBuildFile; fileRef = 918F60752122887C0002213C /* ColorHelper.swift */; };
		918F60792122887C0002213C /* EnumHelper.swift in Sources */ = {isa = PBXBuildFile; fileRef = 918F60762122887C0002213C /* EnumHelper.swift */; };
		918F607F2122888F0002213C /* Customer.swift in Sources */ = {isa = PBXBuildFile; fileRef = 918F607B2122888F0002213C /* Customer.swift */; };
		918F60802122888F0002213C /* Ingredient.swift in Sources */ = {isa = PBXBuildFile; fileRef = 918F607C2122888F0002213C /* Ingredient.swift */; };
		918F60812122888F0002213C /* Bowl.swift in Sources */ = {isa = PBXBuildFile; fileRef = 918F607D2122888F0002213C /* Bowl.swift */; };
		918F60822122888F0002213C /* IngredientData.swift in Sources */ = {isa = PBXBuildFile; fileRef = 918F607E2122888F0002213C /* IngredientData.swift */; };
		918F60842122903A0002213C /* SelectionTableViewCell.swift in Sources */ = {isa = PBXBuildFile; fileRef = 918F60832122903A0002213C /* SelectionTableViewCell.swift */; };
		918F6086212299EC0002213C /* DetailSelectionTableViewCell.swift in Sources */ = {isa = PBXBuildFile; fileRef = 918F6085212299EC0002213C /* DetailSelectionTableViewCell.swift */; };
		918F608821229AD70002213C /* DetailViewController.swift in Sources */ = {isa = PBXBuildFile; fileRef = 918F608721229AD70002213C /* DetailViewController.swift */; };
/* End PBXBuildFile section */

/* Begin PBXFileReference section */
		918F605C21227A890002213C /* NavigationChallenge.app */ = {isa = PBXFileReference; explicitFileType = wrapper.application; includeInIndex = 0; path = NavigationChallenge.app; sourceTree = BUILT_PRODUCTS_DIR; };
		918F605F21227A890002213C /* AppDelegate.swift */ = {isa = PBXFileReference; lastKnownFileType = sourcecode.swift; path = AppDelegate.swift; sourceTree = "<group>"; };
		918F606121227A890002213C /* ViewController.swift */ = {isa = PBXFileReference; lastKnownFileType = sourcecode.swift; path = ViewController.swift; sourceTree = "<group>"; };
		918F606421227A890002213C /* Base */ = {isa = PBXFileReference; lastKnownFileType = file.storyboard; name = Base; path = Base.lproj/Main.storyboard; sourceTree = "<group>"; };
		918F606621227A8A0002213C /* Assets.xcassets */ = {isa = PBXFileReference; lastKnownFileType = folder.assetcatalog; path = Assets.xcassets; sourceTree = "<group>"; };
		918F606921227A8A0002213C /* Base */ = {isa = PBXFileReference; lastKnownFileType = file.storyboard; name = Base; path = Base.lproj/LaunchScreen.storyboard; sourceTree = "<group>"; };
		918F606B21227A8A0002213C /* Info.plist */ = {isa = PBXFileReference; lastKnownFileType = text.plist.xml; path = Info.plist; sourceTree = "<group>"; };
		918F607121227F3C0002213C /* OrderViewController.swift */ = {isa = PBXFileReference; lastKnownFileType = sourcecode.swift; path = OrderViewController.swift; sourceTree = "<group>"; };
		918F60742122887C0002213C /* NumberHelper.swift */ = {isa = PBXFileReference; fileEncoding = 4; lastKnownFileType = sourcecode.swift; path = NumberHelper.swift; sourceTree = "<group>"; };
		918F60752122887C0002213C /* ColorHelper.swift */ = {isa = PBXFileReference; fileEncoding = 4; lastKnownFileType = sourcecode.swift; path = ColorHelper.swift; sourceTree = "<group>"; };
		918F60762122887C0002213C /* EnumHelper.swift */ = {isa = PBXFileReference; fileEncoding = 4; lastKnownFileType = sourcecode.swift; path = EnumHelper.swift; sourceTree = "<group>"; };
		918F607B2122888F0002213C /* Customer.swift */ = {isa = PBXFileReference; fileEncoding = 4; lastKnownFileType = sourcecode.swift; path = Customer.swift; sourceTree = "<group>"; };
		918F607C2122888F0002213C /* Ingredient.swift */ = {isa = PBXFileReference; fileEncoding = 4; lastKnownFileType = sourcecode.swift; path = Ingredient.swift; sourceTree = "<group>"; };
		918F607D2122888F0002213C /* Bowl.swift */ = {isa = PBXFileReference; fileEncoding = 4; lastKnownFileType = sourcecode.swift; path = Bowl.swift; sourceTree = "<group>"; };
		918F607E2122888F0002213C /* IngredientData.swift */ = {isa = PBXFileReference; fileEncoding = 4; lastKnownFileType = sourcecode.swift; path = IngredientData.swift; sourceTree = "<group>"; };
		918F60832122903A0002213C /* SelectionTableViewCell.swift */ = {isa = PBXFileReference; lastKnownFileType = sourcecode.swift; path = SelectionTableViewCell.swift; sourceTree = "<group>"; };
		918F6085212299EC0002213C /* DetailSelectionTableViewCell.swift */ = {isa = PBXFileReference; lastKnownFileType = sourcecode.swift; path = DetailSelectionTableViewCell.swift; sourceTree = "<group>"; };
		918F608721229AD70002213C /* DetailViewController.swift */ = {isa = PBXFileReference; lastKnownFileType = sourcecode.swift; path = DetailViewController.swift; sourceTree = "<group>"; };
/* End PBXFileReference section */

/* Begin PBXFrameworksBuildPhase section */
		918F605921227A890002213C /* Frameworks */ = {
			isa = PBXFrameworksBuildPhase;
			buildActionMask = 2147483647;
			files = (
			);
			runOnlyForDeploymentPostprocessing = 0;
		};
/* End PBXFrameworksBuildPhase section */

/* Begin PBXGroup section */
		918F605321227A890002213C = {
			isa = PBXGroup;
			children = (
				918F605E21227A890002213C /* NavigationChallenge */,
				918F605D21227A890002213C /* Products */,
			);
			sourceTree = "<group>";
		};
		918F605D21227A890002213C /* Products */ = {
			isa = PBXGroup;
			children = (
				918F605C21227A890002213C /* NavigationChallenge.app */,
			);
			name = Products;
			sourceTree = "<group>";
		};
		918F605E21227A890002213C /* NavigationChallenge */ = {
			isa = PBXGroup;
			children = (
				918F60892122A25C0002213C /* ViewController */,
				918F60732122887C0002213C /* Helper */,
				918F607A2122888F0002213C /* Model */,
				918F608A2122A2880002213C /* TableViewCells */,
				918F605F21227A890002213C /* AppDelegate.swift */,
				918F606321227A890002213C /* Main.storyboard */,
				918F606621227A8A0002213C /* Assets.xcassets */,
				918F606821227A8A0002213C /* LaunchScreen.storyboard */,
				918F606B21227A8A0002213C /* Info.plist */,
			);
			path = NavigationChallenge;
			sourceTree = "<group>";
		};
		918F60732122887C0002213C /* Helper */ = {
			isa = PBXGroup;
			children = (
				918F60742122887C0002213C /* NumberHelper.swift */,
				918F60752122887C0002213C /* ColorHelper.swift */,
				918F60762122887C0002213C /* EnumHelper.swift */,
			);
			path = Helper;
			sourceTree = "<group>";
		};
		918F607A2122888F0002213C /* Model */ = {
			isa = PBXGroup;
			children = (
				918F607B2122888F0002213C /* Customer.swift */,
				918F607C2122888F0002213C /* Ingredient.swift */,
				918F607D2122888F0002213C /* Bowl.swift */,
				918F607E2122888F0002213C /* IngredientData.swift */,
			);
			path = Model;
			sourceTree = "<group>";
		};
		918F60892122A25C0002213C /* ViewController */ = {
			isa = PBXGroup;
			children = (
				918F606121227A890002213C /* ViewController.swift */,
				918F607121227F3C0002213C /* OrderViewController.swift */,
				918F608721229AD70002213C /* DetailViewController.swift */,
			);
			path = ViewController;
			sourceTree = "<group>";
		};
		918F608A2122A2880002213C /* TableViewCells */ = {
			isa = PBXGroup;
			children = (
				918F60832122903A0002213C /* SelectionTableViewCell.swift */,
				918F6085212299EC0002213C /* DetailSelectionTableViewCell.swift */,
			);
			path = TableViewCells;
			sourceTree = "<group>";
		};
/* End PBXGroup section */

/* Begin PBXNativeTarget section */
		918F605B21227A890002213C /* NavigationChallenge */ = {
			isa = PBXNativeTarget;
			buildConfigurationList = 918F606E21227A8A0002213C /* Build configuration list for PBXNativeTarget "NavigationChallenge" */;
			buildPhases = (
				918F605821227A890002213C /* Sources */,
				918F605921227A890002213C /* Frameworks */,
				918F605A21227A890002213C /* Resources */,
			);
			buildRules = (
			);
			dependencies = (
			);
			name = NavigationChallenge;
			productName = NavigationChallenge;
			productReference = 918F605C21227A890002213C /* NavigationChallenge.app */;
			productType = "com.apple.product-type.application";
		};
/* End PBXNativeTarget section */

/* Begin PBXProject section */
		918F605421227A890002213C /* Project object */ = {
			isa = PBXProject;
			attributes = {
				LastSwiftUpdateCheck = 0940;
				LastUpgradeCheck = 0940;
				ORGANIZATIONNAME = "Daniel Gunawan";
				TargetAttributes = {
					918F605B21227A890002213C = {
						CreatedOnToolsVersion = 9.4.1;
					};
				};
			};
			buildConfigurationList = 918F605721227A890002213C /* Build configuration list for PBXProject "NavigationChallenge" */;
			compatibilityVersion = "Xcode 9.3";
			developmentRegion = en;
			hasScannedForEncodings = 0;
			knownRegions = (
				en,
				Base,
			);
			mainGroup = 918F605321227A890002213C;
			productRefGroup = 918F605D21227A890002213C /* Products */;
			projectDirPath = "";
			projectRoot = "";
			targets = (
				918F605B21227A890002213C /* NavigationChallenge */,
			);
		};
/* End PBXProject section */

/* Begin PBXResourcesBuildPhase section */
		918F605A21227A890002213C /* Resources */ = {
			isa = PBXResourcesBuildPhase;
			buildActionMask = 2147483647;
			files = (
				918F606A21227A8A0002213C /* LaunchScreen.storyboard in Resources */,
				918F606721227A8A0002213C /* Assets.xcassets in Resources */,
				918F606521227A890002213C /* Main.storyboard in Resources */,
			);
			runOnlyForDeploymentPostprocessing = 0;
		};
/* End PBXResourcesBuildPhase section */

/* Begin PBXSourcesBuildPhase section */
		918F605821227A890002213C /* Sources */ = {
			isa = PBXSourcesBuildPhase;
			buildActionMask = 2147483647;
			files = (
				918F608821229AD70002213C /* DetailViewController.swift in Sources */,
				918F606221227A890002213C /* ViewController.swift in Sources */,
				918F607F2122888F0002213C /* Customer.swift in Sources */,
				918F60782122887C0002213C /* ColorHelper.swift in Sources */,
				918F60842122903A0002213C /* SelectionTableViewCell.swift in Sources */,
				918F60792122887C0002213C /* EnumHelper.swift in Sources */,
				918F6086212299EC0002213C /* DetailSelectionTableViewCell.swift in Sources */,
				918F60802122888F0002213C /* Ingredient.swift in Sources */,
				918F60812122888F0002213C /* Bowl.swift in Sources */,
				918F60822122888F0002213C /* IngredientData.swift in Sources */,
				918F606021227A890002213C /* AppDelegate.swift in Sources */,
				918F60772122887C0002213C /* NumberHelper.swift in Sources */,
				918F607221227F3C0002213C /* OrderViewController.swift in Sources */,
			);
			runOnlyForDeploymentPostprocessing = 0;
		};
/* End PBXSourcesBuildPhase section */

/* Begin PBXVariantGroup section */
		918F606321227A890002213C /* Main.storyboard */ = {
			isa = PBXVariantGroup;
			children = (
				918F606421227A890002213C /* Base */,
			);
			name = Main.storyboard;
			sourceTree = "<group>";
		};
		918F606821227A8A0002213C /* LaunchScreen.storyboard */ = {
			isa = PBXVariantGroup;
			children = (
				918F606921227A8A0002213C /* Base */,
			);
			name = LaunchScreen.storyboard;
			sourceTree = "<group>";
		};
/* End PBXVariantGroup section */

/* Begin XCBuildConfiguration section */
		918F606C21227A8A0002213C /* Debug */ = {
			isa = XCBuildConfiguration;
			buildSettings = {
				ALWAYS_SEARCH_USER_PATHS = NO;
				CLANG_ANALYZER_NONNULL = YES;
				CLANG_ANALYZER_NUMBER_OBJECT_CONVERSION = YES_AGGRESSIVE;
				CLANG_CXX_LANGUAGE_STANDARD = "gnu++14";
				CLANG_CXX_LIBRARY = "libc++";
				CLANG_ENABLE_MODULES = YES;
				CLANG_ENABLE_OBJC_ARC = YES;
				CLANG_ENABLE_OBJC_WEAK = YES;
				CLANG_WARN_BLOCK_CAPTURE_AUTORELEASING = YES;
				CLANG_WARN_BOOL_CONVERSION = YES;
				CLANG_WARN_COMMA = YES;
				CLANG_WARN_CONSTANT_CONVERSION = YES;
				CLANG_WARN_DEPRECATED_OBJC_IMPLEMENTATIONS = YES;
				CLANG_WARN_DIRECT_OBJC_ISA_USAGE = YES_ERROR;
				CLANG_WARN_DOCUMENTATION_COMMENTS = YES;
				CLANG_WARN_EMPTY_BODY = YES;
				CLANG_WARN_ENUM_CONVERSION = YES;
				CLANG_WARN_INFINITE_RECURSION = YES;
				CLANG_WARN_INT_CONVERSION = YES;
				CLANG_WARN_NON_LITERAL_NULL_CONVERSION = YES;
				CLANG_WARN_OBJC_IMPLICIT_RETAIN_SELF = YES;
				CLANG_WARN_OBJC_LITERAL_CONVERSION = YES;
				CLANG_WARN_OBJC_ROOT_CLASS = YES_ERROR;
				CLANG_WARN_RANGE_LOOP_ANALYSIS = YES;
				CLANG_WARN_STRICT_PROTOTYPES = YES;
				CLANG_WARN_SUSPICIOUS_MOVE = YES;
				CLANG_WARN_UNGUARDED_AVAILABILITY = YES_AGGRESSIVE;
				CLANG_WARN_UNREACHABLE_CODE = YES;
				CLANG_WARN__DUPLICATE_METHOD_MATCH = YES;
				CODE_SIGN_IDENTITY = "iPhone Developer";
				COPY_PHASE_STRIP = NO;
				DEBUG_INFORMATION_FORMAT = dwarf;
				ENABLE_STRICT_OBJC_MSGSEND = YES;
				ENABLE_TESTABILITY = YES;
				GCC_C_LANGUAGE_STANDARD = gnu11;
				GCC_DYNAMIC_NO_PIC = NO;
				GCC_NO_COMMON_BLOCKS = YES;
				GCC_OPTIMIZATION_LEVEL = 0;
				GCC_PREPROCESSOR_DEFINITIONS = (
					"DEBUG=1",
					"$(inherited)",
				);
				GCC_WARN_64_TO_32_BIT_CONVERSION = YES;
				GCC_WARN_ABOUT_RETURN_TYPE = YES_ERROR;
				GCC_WARN_UNDECLARED_SELECTOR = YES;
				GCC_WARN_UNINITIALIZED_AUTOS = YES_AGGRESSIVE;
				GCC_WARN_UNUSED_FUNCTION = YES;
				GCC_WARN_UNUSED_VARIABLE = YES;
				IPHONEOS_DEPLOYMENT_TARGET = 11.4;
				MTL_ENABLE_DEBUG_INFO = YES;
				ONLY_ACTIVE_ARCH = YES;
				SDKROOT = iphoneos;
				SWIFT_ACTIVE_COMPILATION_CONDITIONS = DEBUG;
				SWIFT_OPTIMIZATION_LEVEL = "-Onone";
			};
			name = Debug;
		};
		918F606D21227A8A0002213C /* Release */ = {
			isa = XCBuildConfiguration;
			buildSettings = {
				ALWAYS_SEARCH_USER_PATHS = NO;
				CLANG_ANALYZER_NONNULL = YES;
				CLANG_ANALYZER_NUMBER_OBJECT_CONVERSION = YES_AGGRESSIVE;
				CLANG_CXX_LANGUAGE_STANDARD = "gnu++14";
				CLANG_CXX_LIBRARY = "libc++";
				CLANG_ENABLE_MODULES = YES;
				CLANG_ENABLE_OBJC_ARC = YES;
				CLANG_ENABLE_OBJC_WEAK = YES;
				CLANG_WARN_BLOCK_CAPTURE_AUTORELEASING = YES;
				CLANG_WARN_BOOL_CONVERSION = YES;
				CLANG_WARN_COMMA = YES;
				CLANG_WARN_CONSTANT_CONVERSION = YES;
				CLANG_WARN_DEPRECATED_OBJC_IMPLEMENTATIONS = YES;
				CLANG_WARN_DIRECT_OBJC_ISA_USAGE = YES_ERROR;
				CLANG_WARN_DOCUMENTATION_COMMENTS = YES;
				CLANG_WARN_EMPTY_BODY = YES;
				CLANG_WARN_ENUM_CONVERSION = YES;
				CLANG_WARN_INFINITE_RECURSION = YES;
				CLANG_WARN_INT_CONVERSION = YES;
				CLANG_WARN_NON_LITERAL_NULL_CONVERSION = YES;
				CLANG_WARN_OBJC_IMPLICIT_RETAIN_SELF = YES;
				CLANG_WARN_OBJC_LITERAL_CONVERSION = YES;
				CLANG_WARN_OBJC_ROOT_CLASS = YES_ERROR;
				CLANG_WARN_RANGE_LOOP_ANALYSIS = YES;
				CLANG_WARN_STRICT_PROTOTYPES = YES;
				CLANG_WARN_SUSPICIOUS_MOVE = YES;
				CLANG_WARN_UNGUARDED_AVAILABILITY = YES_AGGRESSIVE;
				CLANG_WARN_UNREACHABLE_CODE = YES;
				CLANG_WARN__DUPLICATE_METHOD_MATCH = YES;
				CODE_SIGN_IDENTITY = "iPhone Developer";
				COPY_PHASE_STRIP = NO;
				DEBUG_INFORMATION_FORMAT = "dwarf-with-dsym";
				ENABLE_NS_ASSERTIONS = NO;
				ENABLE_STRICT_OBJC_MSGSEND = YES;
				GCC_C_LANGUAGE_STANDARD = gnu11;
				GCC_NO_COMMON_BLOCKS = YES;
				GCC_WARN_64_TO_32_BIT_CONVERSION = YES;
				GCC_WARN_ABOUT_RETURN_TYPE = YES_ERROR;
				GCC_WARN_UNDECLARED_SELECTOR = YES;
				GCC_WARN_UNINITIALIZED_AUTOS = YES_AGGRESSIVE;
				GCC_WARN_UNUSED_FUNCTION = YES;
				GCC_WARN_UNUSED_VARIABLE = YES;
				IPHONEOS_DEPLOYMENT_TARGET = 11.4;
				MTL_ENABLE_DEBUG_INFO = NO;
				SDKROOT = iphoneos;
				SWIFT_COMPILATION_MODE = wholemodule;
				SWIFT_OPTIMIZATION_LEVEL = "-O";
				VALIDATE_PRODUCT = YES;
			};
			name = Release;
		};
		918F606F21227A8A0002213C /* Debug */ = {
			isa = XCBuildConfiguration;
			buildSettings = {
				ASSETCATALOG_COMPILER_APPICON_NAME = AppIcon;
				CODE_SIGN_STYLE = Automatic;
				INFOPLIST_FILE = NavigationChallenge/Info.plist;
				LD_RUNPATH_SEARCH_PATHS = (
					"$(inherited)",
					"@executable_path/Frameworks",
				);
				PRODUCT_BUNDLE_IDENTIFIER = com.danielgunawan.NavigationChallenge;
				PRODUCT_NAME = "$(TARGET_NAME)";
				SWIFT_VERSION = 4.0;
				TARGETED_DEVICE_FAMILY = "1,2";
			};
			name = Debug;
		};
		918F607021227A8A0002213C /* Release */ = {
			isa = XCBuildConfiguration;
			buildSettings = {
				ASSETCATALOG_COMPILER_APPICON_NAME = AppIcon;
				CODE_SIGN_STYLE = Automatic;
				INFOPLIST_FILE = NavigationChallenge/Info.plist;
				LD_RUNPATH_SEARCH_PATHS = (
					"$(inherited)",
					"@executable_path/Frameworks",
				);
				PRODUCT_BUNDLE_IDENTIFIER = com.danielgunawan.NavigationChallenge;
				PRODUCT_NAME = "$(TARGET_NAME)";
				SWIFT_VERSION = 4.0;
				TARGETED_DEVICE_FAMILY = "1,2";
			};
			name = Release;
		};
/* End XCBuildConfiguration section */

/* Begin XCConfigurationList section */
		918F605721227A890002213C /* Build configuration list for PBXProject "NavigationChallenge" */ = {
			isa = XCConfigurationList;
			buildConfigurations = (
				918F606C21227A8A0002213C /* Debug */,
				918F606D21227A8A0002213C /* Release */,
			);
			defaultConfigurationIsVisible = 0;
			defaultConfigurationName = Release;
		};
		918F606E21227A8A0002213C /* Build configuration list for PBXNativeTarget "NavigationChallenge" */ = {
			isa = XCConfigurationList;
			buildConfigurations = (
				918F606F21227A8A0002213C /* Debug */,
				918F607021227A8A0002213C /* Release */,
			);
			defaultConfigurationIsVisible = 0;
			defaultConfigurationName = Release;
		};
/* End XCConfigurationList section */
	};
	rootObject = 918F605421227A890002213C /* Project object */;
}
